
Microsoft Visual Studio Solution File, Format Version 12.00
Project("{FAE04EC0-301F-11D3-BF4B-00C04F79EFBC}") = "ToDoApp", "ToDoApp\ToDoApp.csproj", "{64CEFE0F-C58F-4C09-9944-4506FCA89D13}"
EndProject
Project("{FAE04EC0-301F-11D3-BF4B-00C04F79EFBC}") = "MarkovChainGenerator", "MarkovChainGenerator\MarkovChainGenerator.csproj", "{77101E52-367A-4A8E-81E5-7EAD418D616C}"
EndProject
Project("{FAE04EC0-301F-11D3-BF4B-00C04F79EFBC}") = "FizzBuzz", "FizzBuzz\FizzBuzz.csproj", "{60E8E842-1257-466A-850B-07A7F5C57D8D}"
EndProject
Project("{FAE04EC0-301F-11D3-BF4B-00C04F79EFBC}") = "RPNCalculator", "RPNCalculator\RPNCalculator.csproj", "{17AA6F31-1113-405C-BF03-E42446270B2A}"
EndProject
Global
	GlobalSection(SolutionConfigurationPlatforms) = preSolution
		Debug|Any CPU = Debug|Any CPU
		Release|Any CPU = Release|Any CPU
	EndGlobalSection
	GlobalSection(ProjectConfigurationPlatforms) = postSolution
		{64CEFE0F-C58F-4C09-9944-4506FCA89D13}.Debug|Any CPU.ActiveCfg = Debug|Any CPU
		{64CEFE0F-C58F-4C09-9944-4506FCA89D13}.Debug|Any CPU.Build.0 = Debug|Any CPU
		{64CEFE0F-C58F-4C09-9944-4506FCA89D13}.Release|Any CPU.ActiveCfg = Release|Any CPU
		{64CEFE0F-C58F-4C09-9944-4506FCA89D13}.Release|Any CPU.Build.0 = Release|Any CPU
		{77101E52-367A-4A8E-81E5-7EAD418D616C}.Debug|Any CPU.ActiveCfg = Debug|Any CPU
		{77101E52-367A-4A8E-81E5-7EAD418D616C}.Debug|Any CPU.Build.0 = Debug|Any CPU
		{77101E52-367A-4A8E-81E5-7EAD418D616C}.Release|Any CPU.ActiveCfg = Release|Any CPU
		{77101E52-367A-4A8E-81E5-7EAD418D616C}.Release|Any CPU.Build.0 = Release|Any CPU
		{60E8E842-1257-466A-850B-07A7F5C57D8D}.Debug|Any CPU.ActiveCfg = Debug|Any CPU
		{60E8E842-1257-466A-850B-07A7F5C57D8D}.Debug|Any CPU.Build.0 = Debug|Any CPU
		{60E8E842-1257-466A-850B-07A7F5C57D8D}.Release|Any CPU.ActiveCfg = Release|Any CPU
		{60E8E842-1257-466A-850B-07A7F5C57D8D}.Release|Any CPU.Build.0 = Release|Any CPU
		{17AA6F31-1113-405C-BF03-E42446270B2A}.Debug|Any CPU.ActiveCfg = Debug|Any CPU
		{17AA6F31-1113-405C-BF03-E42446270B2A}.Debug|Any CPU.Build.0 = Debug|Any CPU
		{17AA6F31-1113-405C-BF03-E42446270B2A}.Release|Any CPU.ActiveCfg = Release|Any CPU
		{17AA6F31-1113-405C-BF03-E42446270B2A}.Release|Any CPU.Build.0 = Release|Any CPU
	EndGlobalSection
EndGlobal
